PODS:
  - SwiftLint (0.37.0)
  - VSImagePicker (0.0.1-alpha.10)

DEPENDENCIES:
  - SwiftLint (= 0.37.0)
  - VSImagePicker (from `../`)

SPEC REPOS:
  https://github.com/CocoaPods/Specs.git:
    - SwiftLint

EXTERNAL SOURCES:
  VSImagePicker:
    :path: "../"

SPEC CHECKSUMS:
  SwiftLint: c078a14d7d7ade75e5507795d185e3da41d844d2
  VSImagePicker: 9498a4b635ca7fd4a967a085e2ccb87a80328450

PODFILE CHECKSUM: a2c98da57508848784894f858f5f051977076113

COCOAPODS: 1.9.3
